
Microsoft Visual Studio Solution File, Format Version 12.00
# Visual Studio Version 16
VisualStudioVersion = 16.0.30114.105
MinimumVisualStudioVersion = 10.0.40219.1
Project("{9A19103F-16F7-4668-BE54-9A1E7A4F7556}") = "BenShop", "BenShop.csproj", "{3E2651AB-608D-40FF-9398-1E89E15A38AA}"
EndProject
Project("{2150E333-8FDC-42A3-9474-1A3956D46DE8}") = "Solution Items", "Solution Items", "{5CB531BD-E1A0-4F37-897E-7419920A29FA}"
	ProjectSection(SolutionItems) = preProject
		Readme.md = Readme.md
	EndProjectSection
EndProject
Project("{9A19103F-16F7-4668-BE54-9A1E7A4F7556}") = "MvcCore.Data", "..\MvcCore.Data\MvcCore.Data.csproj", "{E348AFF5-D559-4BAB-BF40-FE8627011BE5}"
EndProject
Project("{9A19103F-16F7-4668-BE54-9A1E7A4F7556}") = "MvcCore.Application", "..\MvcCore.Application\MvcCore.Application.csproj", "{820249E2-B08C-4D5E-819A-4F6448DAEEA5}"
EndProject
Project("{9A19103F-16F7-4668-BE54-9A1E7A4F7556}") = "MvcCore.ViewModels", "..\MvcCore.ViewModels\MvcCore.ViewModels.csproj", "{6048FFB7-CD00-4AF1-8FF9-9367626556AB}"
EndProject
Project("{9A19103F-16F7-4668-BE54-9A1E7A4F7556}") = "MvcCore.Utilities", "..\MvcCore.Utilities\MvcCore.Utilities.csproj", "{93F41856-9F87-4B90-AD8B-D185D20DAEB5}"
EndProject
Project("{FAE04EC0-301F-11D3-BF4B-00C04F79EFBC}") = "MvcCore.BackendApi", "..\MvcCore.BackendApi\MvcCore.BackendApi.csproj", "{87C3E753-E7DB-4E9E-AAFD-264EDD9A4170}"
EndProject
Global
	GlobalSection(SolutionConfigurationPlatforms) = preSolution
		Debug|Any CPU = Debug|Any CPU
		Release|Any CPU = Release|Any CPU
	EndGlobalSection
	GlobalSection(ProjectConfigurationPlatforms) = postSolution
		{3E2651AB-608D-40FF-9398-1E89E15A38AA}.Debug|Any CPU.ActiveCfg = Debug|Any CPU
		{3E2651AB-608D-40FF-9398-1E89E15A38AA}.Debug|Any CPU.Build.0 = Debug|Any CPU
		{3E2651AB-608D-40FF-9398-1E89E15A38AA}.Release|Any CPU.ActiveCfg = Release|Any CPU
		{3E2651AB-608D-40FF-9398-1E89E15A38AA}.Release|Any CPU.Build.0 = Release|Any CPU
		{E348AFF5-D559-4BAB-BF40-FE8627011BE5}.Debug|Any CPU.ActiveCfg = Debug|Any CPU
		{E348AFF5-D559-4BAB-BF40-FE8627011BE5}.Debug|Any CPU.Build.0 = Debug|Any CPU
		{E348AFF5-D559-4BAB-BF40-FE8627011BE5}.Release|Any CPU.ActiveCfg = Release|Any CPU
		{E348AFF5-D559-4BAB-BF40-FE8627011BE5}.Release|Any CPU.Build.0 = Release|Any CPU
		{820249E2-B08C-4D5E-819A-4F6448DAEEA5}.Debug|Any CPU.ActiveCfg = Debug|Any CPU
		{820249E2-B08C-4D5E-819A-4F6448DAEEA5}.Debug|Any CPU.Build.0 = Debug|Any CPU
		{820249E2-B08C-4D5E-819A-4F6448DAEEA5}.Release|Any CPU.ActiveCfg = Release|Any CPU
		{820249E2-B08C-4D5E-819A-4F6448DAEEA5}.Release|Any CPU.Build.0 = Release|Any CPU
		{6048FFB7-CD00-4AF1-8FF9-9367626556AB}.Debug|Any CPU.ActiveCfg = Debug|Any CPU
		{6048FFB7-CD00-4AF1-8FF9-9367626556AB}.Debug|Any CPU.Build.0 = Debug|Any CPU
		{6048FFB7-CD00-4AF1-8FF9-9367626556AB}.Release|Any CPU.ActiveCfg = Release|Any CPU
		{6048FFB7-CD00-4AF1-8FF9-9367626556AB}.Release|Any CPU.Build.0 = Release|Any CPU
		{93F41856-9F87-4B90-AD8B-D185D20DAEB5}.Debug|Any CPU.ActiveCfg = Debug|Any CPU
		{93F41856-9F87-4B90-AD8B-D185D20DAEB5}.Debug|Any CPU.Build.0 = Debug|Any CPU
		{93F41856-9F87-4B90-AD8B-D185D20DAEB5}.Release|Any CPU.ActiveCfg = Release|Any CPU
		{93F41856-9F87-4B90-AD8B-D185D20DAEB5}.Release|Any CPU.Build.0 = Release|Any CPU
		{87C3E753-E7DB-4E9E-AAFD-264EDD9A4170}.Debug|Any CPU.ActiveCfg = Debug|Any CPU
		{87C3E753-E7DB-4E9E-AAFD-264EDD9A4170}.Debug|Any CPU.Build.0 = Debug|Any CPU
		{87C3E753-E7DB-4E9E-AAFD-264EDD9A4170}.Release|Any CPU.ActiveCfg = Release|Any CPU
		{87C3E753-E7DB-4E9E-AAFD-264EDD9A4170}.Release|Any CPU.Build.0 = Release|Any CPU
	EndGlobalSection
	GlobalSection(SolutionProperties) = preSolution
		HideSolutionNode = FALSE
	EndGlobalSection
	GlobalSection(ExtensibilityGlobals) = postSolution
		SolutionGuid = {134338CF-22B8-4ABC-A377-8F3A2269C9D4}
	EndGlobalSection
EndGlobal
